// !$*UTF8*$!
{
	archiveVersion = 1;
	classes = {
	};
	objectVersion = 46;
	objects = {

/* Begin PBXBuildFile section */
		74DAFD001B437C1600DDD2FA /* main.m in Sources */ = {isa = PBXBuildFile; fileRef = 74DAFCFF1B437C1600DDD2FA /* main.m */; };
		74DAFD031B437C1600DDD2FA /* AppDelegate.m in Sources */ = {isa = PBXBuildFile; fileRef = 74DAFD021B437C1600DDD2FA /* AppDelegate.m */; };
		74DAFD061B437C1600DDD2FA /* ViewController.m in Sources */ = {isa = PBXBuildFile; fileRef = 74DAFD051B437C1600DDD2FA /* ViewController.m */; };
		74DAFD091B437C1600DDD2FA /* Main.storyboard in Resources */ = {isa = PBXBuildFile; fileRef = 74DAFD071B437C1600DDD2FA /* Main.storyboard */; };
		74DAFD0B1B437C1600DDD2FA /* Images.xcassets in Resources */ = {isa = PBXBuildFile; fileRef = 74DAFD0A1B437C1600DDD2FA /* Images.xcassets */; };
		74DAFD0E1B437C1600DDD2FA /* LaunchScreen.xib in Resources */ = {isa = PBXBuildFile; fileRef = 74DAFD0C1B437C1600DDD2FA /* LaunchScreen.xib */; };
		74DAFD1A1B437C1600DDD2FA /* demo01_Git_LocalTests.m in Sources */ = {isa = PBXBuildFile; fileRef = 74DAFD191B437C1600DDD2FA /* demo01_Git_LocalTests.m */; };
/* End PBXBuildFile section */

/* Begin PBXContainerItemProxy section */
		74DAFD141B437C1600DDD2FA /* PBXContainerItemProxy */ = {
			isa = PBXContainerItemProxy;
			containerPortal = 74DAFCF21B437C1600DDD2FA /* Project object */;
			proxyType = 1;
			remoteGlobalIDString = 74DAFCF91B437C1600DDD2FA;
			remoteInfo = "demo01-Git-Local";
		};
/* End PBXContainerItemProxy section */

/* Begin PBXFileReference section */
		74DAFCFA1B437C1600DDD2FA /* demo01-Git-Local.app */ = {isa = PBXFileReference; explicitFileType = wrapper.application; includeInIndex = 0; path = "demo01-Git-Local.app"; sourceTree = BUILT_PRODUCTS_DIR; };
		74DAFCFE1B437C1600DDD2FA /* Info.plist */ = {isa = PBXFileReference; lastKnownFileType = text.plist.xml; path = Info.plist; sourceTree = "<group>"; };
		74DAFCFF1B437C1600DDD2FA /* main.m */ = {isa = PBXFileReference; lastKnownFileType = sourcecode.c.objc; path = main.m; sourceTree = "<group>"; };
		74DAFD011B437C1600DDD2FA /* AppDelegate.h */ = {isa = PBXFileReference; lastKnownFileType = sourcecode.c.h; path = AppDelegate.h; sourceTree = "<group>"; };
		74DAFD021B437C1600DDD2FA /* AppDelegate.m */ = {isa = PBXFileReference; lastKnownFileType = sourcecode.c.objc; path = AppDelegate.m; sourceTree = "<group>"; };
		74DAFD041B437C1600DDD2FA /* ViewController.h */ = {isa = PBXFileReference; lastKnownFileType = sourcecode.c.h; path = ViewController.h; sourceTree = "<group>"; };
		74DAFD051B437C1600DDD2FA /* ViewController.m */ = {isa = PBXFileReference; lastKnownFileType = sourcecode.c.objc; path = ViewController.m; sourceTree = "<group>"; };
		74DAFD081B437C1600DDD2FA /* Base */ = {isa = PBXFileReference; lastKnownFileType = file.storyboard; name = Base; path = Base.lproj/Main.storyboard; sourceTree = "<group>"; };
		74DAFD0A1B437C1600DDD2FA /* Images.xcassets */ = {isa = PBXFileReference; lastKnownFileType = folder.assetcatalog; path = Images.xcassets; sourceTree = "<group>"; };
		74DAFD0D1B437C1600DDD2FA /* Base */ = {isa = PBXFileReference; lastKnownFileType = file.xib; name = Base; path = Base.lproj/LaunchScreen.xib; sourceTree = "<group>"; };
		74DAFD131B437C1600DDD2FA /* demo01-Git-LocalTests.xctest */ = {isa = PBXFileReference; explicitFileType = wrapper.cfbundle; includeInIndex = 0; path = "demo01-Git-LocalTests.xctest"; sourceTree = BUILT_PRODUCTS_DIR; };
		74DAFD181B437C1600DDD2FA /* Info.plist */ = {isa = PBXFileReference; lastKnownFileType = text.plist.xml; path = Info.plist; sourceTree = "<group>"; };
		74DAFD191B437C1600DDD2FA /* demo01_Git_LocalTests.m */ = {isa = PBXFileReference; lastKnownFileType = sourcecode.c.objc; path = demo01_Git_LocalTests.m; sourceTree = "<group>"; };
/* End PBXFileReference section */

/* Begin PBXFrameworksBuildPhase section */
		74DAFCF71B437C1600DDD2FA /* Frameworks */ = {
			isa = PBXFrameworksBuildPhase;
			buildActionMask = 2147483647;
			files = (
			);
			runOnlyForDeploymentPostprocessing = 0;
		};
		74DAFD101B437C1600DDD2FA /* Frameworks */ = {
			isa = PBXFrameworksBuildPhase;
			buildActionMask = 2147483647;
			files = (
			);
			runOnlyForDeploymentPostprocessing = 0;
		};
/* End PBXFrameworksBuildPhase section */

/* Begin PBXGroup section */
		74DAFCF11B437C1600DDD2FA = {
			isa = PBXGroup;
			children = (
				74DAFCFC1B437C1600DDD2FA /* demo01-Git-Local */,
				74DAFD161B437C1600DDD2FA /* demo01-Git-LocalTests */,
				74DAFCFB1B437C1600DDD2FA /* Products */,
			);
			sourceTree = "<group>";
		};
		74DAFCFB1B437C1600DDD2FA /* Products */ = {
			isa = PBXGroup;
			children = (
				74DAFCFA1B437C1600DDD2FA /* demo01-Git-Local.app */,
				74DAFD131B437C1600DDD2FA /* demo01-Git-LocalTests.xctest */,
			);
			name = Products;
			sourceTree = "<group>";
		};
		74DAFCFC1B437C1600DDD2FA /* demo01-Git-Local */ = {
			isa = PBXGroup;
			children = (
				74DAFD011B437C1600DDD2FA /* AppDelegate.h */,
				74DAFD021B437C1600DDD2FA /* AppDelegate.m */,
				74DAFD041B437C1600DDD2FA /* ViewController.h */,
				74DAFD051B437C1600DDD2FA /* ViewController.m */,
				74DAFD071B437C1600DDD2FA /* Main.storyboard */,
				74DAFD0A1B437C1600DDD2FA /* Images.xcassets */,
				74DAFD0C1B437C1600DDD2FA /* LaunchScreen.xib */,
				74DAFCFD1B437C1600DDD2FA /* Supporting Files */,
			);
			path = "demo01-Git-Local";
			sourceTree = "<group>";
		};
		74DAFCFD1B437C1600DDD2FA /* Supporting Files */ = {
			isa = PBXGroup;
			children = (
				74DAFCFE1B437C1600DDD2FA /* Info.plist */,
				74DAFCFF1B437C1600DDD2FA /* main.m */,
			);
			name = "Supporting Files";
			sourceTree = "<group>";
		};
		74DAFD161B437C1600DDD2FA /* demo01-Git-LocalTests */ = {
			isa = PBXGroup;
			children = (
				74DAFD191B437C1600DDD2FA /* demo01_Git_LocalTests.m */,
				74DAFD171B437C1600DDD2FA /* Supporting Files */,
			);
			path = "demo01-Git-LocalTests";
			sourceTree = "<group>";
		};
		74DAFD171B437C1600DDD2FA /* Supporting Files */ = {
			isa = PBXGroup;
			children = (
				74DAFD181B437C1600DDD2FA /* Info.plist */,
			);
			name = "Supporting Files";
			sourceTree = "<group>";
		};
/* End PBXGroup section */

/* Begin PBXNativeTarget section */
		74DAFCF91B437C1600DDD2FA /* demo01-Git-Local */ = {
			isa = PBXNativeTarget;
			buildConfigurationList = 74DAFD1D1B437C1600DDD2FA /* Build configuration list for PBXNativeTarget "demo01-Git-Local" */;
			buildPhases = (
				74DAFCF61B437C1600DDD2FA /* Sources */,
				74DAFCF71B437C1600DDD2FA /* Frameworks */,
				74DAFCF81B437C1600DDD2FA /* Resources */,
			);
			buildRules = (
			);
			dependencies = (
			);
			name = "demo01-Git-Local";
			productName = "demo01-Git-Local";
			productReference = 74DAFCFA1B437C1600DDD2FA /* demo01-Git-Local.app */;
			productType = "com.apple.product-type.application";
		};
		74DAFD121B437C1600DDD2FA /* demo01-Git-LocalTests */ = {
			isa = PBXNativeTarget;
			buildConfigurationList = 74DAFD201B437C1600DDD2FA /* Build configuration list for PBXNativeTarget "demo01-Git-LocalTests" */;
			buildPhases = (
				74DAFD0F1B437C1600DDD2FA /* Sources */,
				74DAFD101B437C1600DDD2FA /* Frameworks */,
				74DAFD111B437C1600DDD2FA /* Resources */,
			);
			buildRules = (
			);
			dependencies = (
				74DAFD151B437C1600DDD2FA /* PBXTargetDependency */,
			);
			name = "demo01-Git-LocalTests";
			productName = "demo01-Git-LocalTests";
			productReference = 74DAFD131B437C1600DDD2FA /* demo01-Git-LocalTests.xctest */;
			productType = "com.apple.product-type.bundle.unit-test";
		};
/* End PBXNativeTarget section */

/* Begin PBXProject section */
		74DAFCF21B437C1600DDD2FA /* Project object */ = {
			isa = PBXProject;
			attributes = {
				LastUpgradeCheck = 0610;
				ORGANIZATIONNAME = tarena;
				TargetAttributes = {
					74DAFCF91B437C1600DDD2FA = {
						CreatedOnToolsVersion = 6.1;
					};
					74DAFD121B437C1600DDD2FA = {
						CreatedOnToolsVersion = 6.1;
						TestTargetID = 74DAFCF91B437C1600DDD2FA;
					};
				};
			};
			buildConfigurationList = 74DAFCF51B437C1600DDD2FA /* Build configuration list for PBXProject "demo01-Git-Local" */;
			compatibilityVersion = "Xcode 3.2";
			developmentRegion = English;
			hasScannedForEncodings = 0;
			knownRegions = (
				en,
				Base,
			);
			mainGroup = 74DAFCF11B437C1600DDD2FA;
			productRefGroup = 74DAFCFB1B437C1600DDD2FA /* Products */;
			projectDirPath = "";
			projectRoot = "";
			targets = (
				74DAFCF91B437C1600DDD2FA /* demo01-Git-Local */,
				74DAFD121B437C1600DDD2FA /* demo01-Git-LocalTests */,
			);
		};
/* End PBXProject section */

/* Begin PBXResourcesBuildPhase section */
		74DAFCF81B437C1600DDD2FA /* Resources */ = {
			isa = PBXResourcesBuildPhase;
			buildActionMask = 2147483647;
			files = (
				74DAFD091B437C1600DDD2FA /* Main.storyboard in Resources */,
				74DAFD0E1B437C1600DDD2FA /* LaunchScreen.xib in Resources */,
				74DAFD0B1B437C1600DDD2FA /* Images.xcassets in Resources */,
			);
			runOnlyForDeploymentPostprocessing = 0;
		};
		74DAFD111B437C1600DDD2FA /* Resources */ = {
			isa = PBXResourcesBuildPhase;
			buildActionMask = 2147483647;
			files = (
			);
			runOnlyForDeploymentPostprocessing = 0;
		};
/* End PBXResourcesBuildPhase section */

/* Begin PBXSourcesBuildPhase section */
		74DAFCF61B437C1600DDD2FA /* Sources */ = {
			isa = PBXSourcesBuildPhase;
			buildActionMask = 2147483647;
			files = (
				74DAFD061B437C1600DDD2FA /* ViewController.m in Sources */,
				74DAFD031B437C1600DDD2FA /* AppDelegate.m in Sources */,
				74DAFD001B437C1600DDD2FA /* main.m in Sources */,
			);
			runOnlyForDeploymentPostprocessing = 0;
		};
		74DAFD0F1B437C1600DDD2FA /* Sources */ = {
			isa = PBXSourcesBuildPhase;
			buildActionMask = 2147483647;
			files = (
				74DAFD1A1B437C1600DDD2FA /* demo01_Git_LocalTests.m in Sources */,
			);
			runOnlyForDeploymentPostprocessing = 0;
		};
/* End PBXSourcesBuildPhase section */

/* Begin PBXTargetDependency section */
		74DAFD151B437C1600DDD2FA /* PBXTargetDependency */ = {
			isa = PBXTargetDependency;
			target = 74DAFCF91B437C1600DDD2FA /* demo01-Git-Local */;
			targetProxy = 74DAFD141B437C1600DDD2FA /* PBXContainerItemProxy */;
		};
/* End PBXTargetDependency section */

/* Begin PBXVariantGroup section */
		74DAFD071B437C1600DDD2FA /* Main.storyboard */ = {
			isa = PBXVariantGroup;
			children = (
				74DAFD081B437C1600DDD2FA /* Base */,
			);
			name = Main.storyboard;
			sourceTree = "<group>";
		};
		74DAFD0C1B437C1600DDD2FA /* LaunchScreen.xib */ = {
			isa = PBXVariantGroup;
			children = (
				74DAFD0D1B437C1600DDD2FA /* Base */,
			);
			name = LaunchScreen.xib;
			sourceTree = "<group>";
		};
/* End PBXVariantGroup section */

/* Begin XCBuildConfiguration section */
		74DAFD1B1B437C1600DDD2FA /* Debug */ = {
			isa = XCBuildConfiguration;
			buildSettings = {
				ALWAYS_SEARCH_USER_PATHS = NO;
				CLANG_CXX_LANGUAGE_STANDARD = "gnu++0x";
				CLANG_CXX_LIBRARY = "libc++";
				CLANG_ENABLE_MODULES = YES;
				CLANG_ENABLE_OBJC_ARC = YES;
				CLANG_WARN_BOOL_CONVERSION = YES;
				CLANG_WARN_CONSTANT_CONVERSION = YES;
				CLANG_WARN_DIRECT_OBJC_ISA_USAGE = YES_ERROR;
				CLANG_WARN_EMPTY_BODY = YES;
				CLANG_WARN_ENUM_CONVERSION = YES;
				CLANG_WARN_INT_CONVERSION = YES;
				CLANG_WARN_OBJC_ROOT_CLASS = YES_ERROR;
				CLANG_WARN_UNREACHABLE_CODE = YES;
				CLANG_WARN__DUPLICATE_METHOD_MATCH = YES;
				"CODE_SIGN_IDENTITY[sdk=iphoneos*]" = "iPhone Developer";
				COPY_PHASE_STRIP = NO;
				ENABLE_STRICT_OBJC_MSGSEND = YES;
				GCC_C_LANGUAGE_STANDARD = gnu99;
				GCC_DYNAMIC_NO_PIC = NO;
				GCC_OPTIMIZATION_LEVEL = 0;
				GCC_PREPROCESSOR_DEFINITIONS = (
					"DEBUG=1",
					"$(inherited)",
				);
				GCC_SYMBOLS_PRIVATE_EXTERN = NO;
				GCC_WARN_64_TO_32_BIT_CONVERSION = YES;
				GCC_WARN_ABOUT_RETURN_TYPE = YES_ERROR;
				GCC_WARN_UNDECLARED_SELECTOR = YES;
				GCC_WARN_UNINITIALIZED_AUTOS = YES_AGGRESSIVE;
				GCC_WARN_UNUSED_FUNCTION = YES;
				GCC_WARN_UNUSED_VARIABLE = YES;
				IPHONEOS_DEPLOYMENT_TARGET = 8.1;
				MTL_ENABLE_DEBUG_INFO = YES;
				ONLY_ACTIVE_ARCH = YES;
				SDKROOT = iphoneos;
			};
			name = Debug;
		};
		74DAFD1C1B437C1600DDD2FA /* Release */ = {
			isa = XCBuildConfiguration;
			buildSettings = {
				ALWAYS_SEARCH_USER_PATHS = NO;
				CLANG_CXX_LANGUAGE_STANDARD = "gnu++0x";
				CLANG_CXX_LIBRARY = "libc++";
				CLANG_ENABLE_MODULES = YES;
				CLANG_ENABLE_OBJC_ARC = YES;
				CLANG_WARN_BOOL_CONVERSION = YES;
				CLANG_WARN_CONSTANT_CONVERSION = YES;
				CLANG_WARN_DIRECT_OBJC_ISA_USAGE = YES_ERROR;
				CLANG_WARN_EMPTY_BODY = YES;
				CLANG_WARN_ENUM_CONVERSION = YES;
				CLANG_WARN_INT_CONVERSION = YES;
				CLANG_WARN_OBJC_ROOT_CLASS = YES_ERROR;
				CLANG_WARN_UNREACHABLE_CODE = YES;
				CLANG_WARN__DUPLICATE_METHOD_MATCH = YES;
				"CODE_SIGN_IDENTITY[sdk=iphoneos*]" = "iPhone Developer";
				COPY_PHASE_STRIP = YES;
				ENABLE_NS_ASSERTIONS = NO;
				ENABLE_STRICT_OBJC_MSGSEND = YES;
				GCC_C_LANGUAGE_STANDARD = gnu99;
				GCC_WARN_64_TO_32_BIT_CONVERSION = YES;
				GCC_WARN_ABOUT_RETURN_TYPE = YES_ERROR;
				GCC_WARN_UNDECLARED_SELECTOR = YES;
				GCC_WARN_UNINITIALIZED_AUTOS = YES_AGGRESSIVE;
				GCC_WARN_UNUSED_FUNCTION = YES;
				GCC_WARN_UNUSED_VARIABLE = YES;
				IPHONEOS_DEPLOYMENT_TARGET = 8.1;
				MTL_ENABLE_DEBUG_INFO = NO;
				SDKROOT = iphoneos;
				VALIDATE_PRODUCT = YES;
			};
			name = Release;
		};
		74DAFD1E1B437C1600DDD2FA /* Debug */ = {
			isa = XCBuildConfiguration;
			buildSettings = {
				ASSETCATALOG_COMPILER_APPICON_NAME = AppIcon;
				INFOPLIST_FILE = "demo01-Git-Local/Info.plist";
				LD_RUNPATH_SEARCH_PATHS = "$(inherited) @executable_path/Frameworks";
				PRODUCT_NAME = "$(TARGET_NAME)";
			};
			name = Debug;
		};
		74DAFD1F1B437C1600DDD2FA /* Release */ = {
			isa = XCBuildConfiguration;
			buildSettings = {
				ASSETCATALOG_COMPILER_APPICON_NAME = AppIcon;
				INFOPLIST_FILE = "demo01-Git-Local/Info.plist";
				LD_RUNPATH_SEARCH_PATHS = "$(inherited) @executable_path/Frameworks";
				PRODUCT_NAME = "$(TARGET_NAME)";
			};
			name = Release;
		};
		74DAFD211B437C1600DDD2FA /* Debug */ = {
			isa = XCBuildConfiguration;
			buildSettings = {
				BUNDLE_LOADER = "$(TEST_HOST)";
				FRAMEWORK_SEARCH_PATHS = (
					"$(SDKROOT)/Developer/Library/Frameworks",
					"$(inherited)",
				);
				GCC_PREPROCESSOR_DEFINITIONS = (
					"DEBUG=1",
					"$(inherited)",
				);
				INFOPLIST_FILE = "demo01-Git-LocalTests/Info.plist";
				LD_RUNPATH_SEARCH_PATHS = "$(inherited) @executable_path/Frameworks @loader_path/Frameworks";
				PRODUCT_NAME = "$(TARGET_NAME)";
				TEST_HOST = "$(BUILT_PRODUCTS_DIR)/demo01-Git-Local.app/demo01-Git-Local";
			};
			name = Debug;
		};
		74DAFD221B437C1600DDD2FA /* Release */ = {
			isa = XCBuildConfiguration;
			buildSettings = {
				BUNDLE_LOADER = "$(TEST_HOST)";
				FRAMEWORK_SEARCH_PATHS = (
					"$(SDKROOT)/Developer/Library/Frameworks",
					"$(inherited)",
				);
				INFOPLIST_FILE = "demo01-Git-LocalTests/Info.plist";
				LD_RUNPATH_SEARCH_PATHS = "$(inherited) @executable_path/Frameworks @loader_path/Frameworks";
				PRODUCT_NAME = "$(TARGET_NAME)";
				TEST_HOST = "$(BUILT_PRODUCTS_DIR)/demo01-Git-Local.app/demo01-Git-Local";
			};
			name = Release;
		};
/* End XCBuildConfiguration section */

/* Begin XCConfigurationList section */
		74DAFCF51B437C1600DDD2FA /* Build configuration list for PBXProject "demo01-Git-Local" */ = {
			isa = XCConfigurationList;
			buildConfigurations = (
				74DAFD1B1B437C1600DDD2FA /* Debug */,
				74DAFD1C1B437C1600DDD2FA /* Release */,
			);
			defaultConfigurationIsVisible = 0;
			defaultConfigurationName = Release;
		};
		74DAFD1D1B437C1600DDD2FA /* Build configuration list for PBXNativeTarget "demo01-Git-Local" */ = {
			isa = XCConfigurationList;
			buildConfigurations = (
				74DAFD1E1B437C1600DDD2FA /* Debug */,
				74DAFD1F1B437C1600DDD2FA /* Release */,
			);
			defaultConfigurationIsVisible = 0;
		};
		74DAFD201B437C1600DDD2FA /* Build configuration list for PBXNativeTarget "demo01-Git-LocalTests" */ = {
			isa = XCConfigurationList;
			buildConfigurations = (
				74DAFD211B437C1600DDD2FA /* Debug */,
				74DAFD221B437C1600DDD2FA /* Release */,
			);
			defaultConfigurationIsVisible = 0;
		};
/* End XCConfigurationList section */
	};
	rootObject = 74DAFCF21B437C1600DDD2FA /* Project object */;
}
